
Microsoft Visual Studio Solution File, Format Version 12.00
# Visual Studio Version 16
VisualStudioVersion = 16.0.31424.327
MinimumVisualStudioVersion = 10.0.40219.1
Project("{FAE04EC0-301F-11D3-BF4B-00C04F79EFBC}") = "CoursOpenCVcaracteres", "CoursOpenCVcaracteres\CoursOpenCVcaracteres.csproj", "{ED580621-4104-4762-BCA6-EBE44368F35E}"
EndProject
Global
	GlobalSection(SolutionConfigurationPlatforms) = preSolution
		Debug|Any CPU = Debug|Any CPU
		Release|Any CPU = Release|Any CPU
	EndGlobalSection
	GlobalSection(ProjectConfigurationPlatforms) = postSolution
		{ED580621-4104-4762-BCA6-EBE44368F35E}.Debug|Any CPU.ActiveCfg = Debug|Any CPU
		{ED580621-4104-4762-BCA6-EBE44368F35E}.Debug|Any CPU.Build.0 = Debug|Any CPU
		{ED580621-4104-4762-BCA6-EBE44368F35E}.Release|Any CPU.ActiveCfg = Release|Any CPU
		{ED580621-4104-4762-BCA6-EBE44368F35E}.Release|Any CPU.Build.0 = Release|Any CPU
	EndGlobalSection
	GlobalSection(SolutionProperties) = preSolution
		HideSolutionNode = FALSE
	EndGlobalSection
	GlobalSection(ExtensibilityGlobals) = postSolution
		SolutionGuid = {DC4B611B-2A54-4527-9B03-70DB367409E7}
	EndGlobalSection
EndGlobal
